
Microsoft Visual Studio Solution File, Format Version 12.00
# Visual Studio Version 16
VisualStudioVersion = 16.0.31729.503
MinimumVisualStudioVersion = 10.0.40219.1
Project("{8BC9CEB8-8B4A-11D0-8D11-00A0C91BC942}") = "bugRecords", "bugRecords.vcxproj", "{D4EB4D53-2B97-44DE-B158-9647F519443E}"
EndProject
Global
	GlobalSection(SolutionConfigurationPlatforms) = preSolution
		Debug|x64 = Debug|x64
		Release|x64 = Release|x64
	EndGlobalSection
	GlobalSection(ProjectConfigurationPlatforms) = postSolution
		{D4EB4D53-2B97-44DE-B158-9647F519443E}.Debug|x64.ActiveCfg = Debug|x64
		{D4EB4D53-2B97-44DE-B158-9647F519443E}.Debug|x64.Build.0 = Debug|x64
		{D4EB4D53-2B97-44DE-B158-9647F519443E}.Release|x64.ActiveCfg = Release|x64
		{D4EB4D53-2B97-44DE-B158-9647F519443E}.Release|x64.Build.0 = Release|x64
	EndGlobalSection
	GlobalSection(SolutionProperties) = preSolution
		HideSolutionNode = FALSE
	EndGlobalSection
	GlobalSection(ExtensibilityGlobals) = postSolution
		SolutionGuid = {381ECF9D-0918-4FE1-B92A-C636EB7CBFD9}
	EndGlobalSection
EndGlobal
